title: 'Meta-Index: Plan.CIM.PandocShowBlock'
sections:
- name: Scope
  bullets:
  - Rendering helpers for Pandoc `Block` values and lists.
- name: Key elements
  bullets:
  - '`showBlock`, `showBlocks`, `showBlockLists`; numeric helpers `showNat/showNat''`;
    utilities `index`, `digits`, `_++_`.'
- name: Dependencies
  bullets:
  - '`Plan.CIM.PandocAST` and related normalization/rendering modules.'
- name: Update triggers
  bullets:
  - New block variants or rendering patterns.
  - Changes in document model or downstream formatting expectations.
- name: Technical debt / status
  bullets:
  - Track rendering gaps or dialect-specific tweaks in deferred-items.md and ROADMAP.md.
